
Microsoft Visual Studio Solution File, Format Version 12.00
# Visual Studio Version 17
VisualStudioVersion = 17.10.34916.146
MinimumVisualStudioVersion = 10.0.40219.1
Project("{9A19103F-16F7-4668-BE54-9A1E7A4F7556}") = "Rb.Integration.Api", "src\RbLibrary\Rb.Integration.Api.csproj", "{C0822790-3C3E-4453-9546-CC245E2FEA37}"
EndProject
Project("{9A19103F-16F7-4668-BE54-9A1E7A4F7556}") = "Rb.Integration.Api.Tests", "tests\RbConsoleApp\Rb.Integration.Api.Tests.csproj", "{206AA3AB-1BB6-449F-B748-430B70A83214}"
EndProject
Project("{2150E333-8FDC-42A3-9474-1A3956D46DE8}") = "Sources", "Sources", "{56256E35-C901-4438-9B2B-CD0D0D90C3F2}"
EndProject
Project("{2150E333-8FDC-42A3-9474-1A3956D46DE8}") = "Tests", "Tests", "{1996C5A9-0C47-4758-B346-E4DE01D60C0C}"
EndProject
Global
	GlobalSection(SolutionConfigurationPlatforms) = preSolution
		Debug|Any CPU = Debug|Any CPU
		Release|Any CPU = Release|Any CPU
	EndGlobalSection
	GlobalSection(ProjectConfigurationPlatforms) = postSolution
		{C0822790-3C3E-4453-9546-CC245E2FEA37}.Debug|Any CPU.ActiveCfg = Debug|Any CPU
		{C0822790-3C3E-4453-9546-CC245E2FEA37}.Debug|Any CPU.Build.0 = Debug|Any CPU
		{C0822790-3C3E-4453-9546-CC245E2FEA37}.Release|Any CPU.ActiveCfg = Release|Any CPU
		{C0822790-3C3E-4453-9546-CC245E2FEA37}.Release|Any CPU.Build.0 = Release|Any CPU
		{206AA3AB-1BB6-449F-B748-430B70A83214}.Debug|Any CPU.ActiveCfg = Debug|Any CPU
		{206AA3AB-1BB6-449F-B748-430B70A83214}.Debug|Any CPU.Build.0 = Debug|Any CPU
		{206AA3AB-1BB6-449F-B748-430B70A83214}.Release|Any CPU.ActiveCfg = Release|Any CPU
		{206AA3AB-1BB6-449F-B748-430B70A83214}.Release|Any CPU.Build.0 = Release|Any CPU
	EndGlobalSection
	GlobalSection(SolutionProperties) = preSolution
		HideSolutionNode = FALSE
	EndGlobalSection
	GlobalSection(NestedProjects) = preSolution
		{C0822790-3C3E-4453-9546-CC245E2FEA37} = {56256E35-C901-4438-9B2B-CD0D0D90C3F2}
		{206AA3AB-1BB6-449F-B748-430B70A83214} = {1996C5A9-0C47-4758-B346-E4DE01D60C0C}
	EndGlobalSection
	GlobalSection(ExtensibilityGlobals) = postSolution
		SolutionGuid = {3F70AA0C-E6CD-428B-913B-22703614C870}
	EndGlobalSection
EndGlobal
